
Microsoft Visual Studio Solution File, Format Version 12.00
# Visual Studio Version 17
VisualStudioVersion = 17.3.32811.315
MinimumVisualStudioVersion = 10.0.40219.1
Project("{FAE04EC0-301F-11D3-BF4B-00C04F79EFBC}") = "NetMPA.Carting.Bll", "NetMPA.Carting.Bll\NetMPA.Carting.Bll.csproj", "{7E9C1EFC-25A9-4593-A304-D6B383E36D59}"
EndProject
Project("{FAE04EC0-301F-11D3-BF4B-00C04F79EFBC}") = "NetMPA.Carting.Dal", "NetMPA.Carting.Dal\NetMPA.Carting.Dal.csproj", "{8C5F53B5-C33E-4159-8829-62A06B192512}"
EndProject
Project("{2150E333-8FDC-42A3-9474-1A3956D46DE8}") = "Tests", "Tests", "{72149839-4C5A-41E8-9E8B-B8BA963B4BEF}"
EndProject
Project("{FAE04EC0-301F-11D3-BF4B-00C04F79EFBC}") = "NetMPA.Carting.Bll.Tests", "NetMPA.Carting.Bll.Tests\NetMPA.Carting.Bll.Tests.csproj", "{6F0CB560-02C3-4B5C-BB43-8D7A9C01B8ED}"
EndProject
Project("{FAE04EC0-301F-11D3-BF4B-00C04F79EFBC}") = "NetMPA.Carting.Dal.Tests", "NetMPA.Carting.Dal.Tests\NetMPA.Carting.Dal.Tests.csproj", "{9EEDFC63-6D06-4CC1-B4C2-AB1279F4A2CA}"
EndProject
Global
	GlobalSection(SolutionConfigurationPlatforms) = preSolution
		Debug|Any CPU = Debug|Any CPU
		Release|Any CPU = Release|Any CPU
	EndGlobalSection
	GlobalSection(ProjectConfigurationPlatforms) = postSolution
		{7E9C1EFC-25A9-4593-A304-D6B383E36D59}.Debug|Any CPU.ActiveCfg = Debug|Any CPU
		{7E9C1EFC-25A9-4593-A304-D6B383E36D59}.Debug|Any CPU.Build.0 = Debug|Any CPU
		{7E9C1EFC-25A9-4593-A304-D6B383E36D59}.Release|Any CPU.ActiveCfg = Release|Any CPU
		{7E9C1EFC-25A9-4593-A304-D6B383E36D59}.Release|Any CPU.Build.0 = Release|Any CPU
		{8C5F53B5-C33E-4159-8829-62A06B192512}.Debug|Any CPU.ActiveCfg = Debug|Any CPU
		{8C5F53B5-C33E-4159-8829-62A06B192512}.Debug|Any CPU.Build.0 = Debug|Any CPU
		{8C5F53B5-C33E-4159-8829-62A06B192512}.Release|Any CPU.ActiveCfg = Release|Any CPU
		{8C5F53B5-C33E-4159-8829-62A06B192512}.Release|Any CPU.Build.0 = Release|Any CPU
		{6F0CB560-02C3-4B5C-BB43-8D7A9C01B8ED}.Debug|Any CPU.ActiveCfg = Debug|Any CPU
		{6F0CB560-02C3-4B5C-BB43-8D7A9C01B8ED}.Debug|Any CPU.Build.0 = Debug|Any CPU
		{6F0CB560-02C3-4B5C-BB43-8D7A9C01B8ED}.Release|Any CPU.ActiveCfg = Release|Any CPU
		{6F0CB560-02C3-4B5C-BB43-8D7A9C01B8ED}.Release|Any CPU.Build.0 = Release|Any CPU
		{9EEDFC63-6D06-4CC1-B4C2-AB1279F4A2CA}.Debug|Any CPU.ActiveCfg = Debug|Any CPU
		{9EEDFC63-6D06-4CC1-B4C2-AB1279F4A2CA}.Debug|Any CPU.Build.0 = Debug|Any CPU
		{9EEDFC63-6D06-4CC1-B4C2-AB1279F4A2CA}.Release|Any CPU.ActiveCfg = Release|Any CPU
		{9EEDFC63-6D06-4CC1-B4C2-AB1279F4A2CA}.Release|Any CPU.Build.0 = Release|Any CPU
	EndGlobalSection
	GlobalSection(SolutionProperties) = preSolution
		HideSolutionNode = FALSE
	EndGlobalSection
	GlobalSection(NestedProjects) = preSolution
		{6F0CB560-02C3-4B5C-BB43-8D7A9C01B8ED} = {72149839-4C5A-41E8-9E8B-B8BA963B4BEF}
		{9EEDFC63-6D06-4CC1-B4C2-AB1279F4A2CA} = {72149839-4C5A-41E8-9E8B-B8BA963B4BEF}
	EndGlobalSection
	GlobalSection(ExtensibilityGlobals) = postSolution
		SolutionGuid = {25062E94-7909-4AB1-ABD3-B621AC3115CD}
	EndGlobalSection
EndGlobal
