
Microsoft Visual Studio Solution File, Format Version 12.00
# Visual Studio Version 17
VisualStudioVersion = 17.3.32811.315
MinimumVisualStudioVersion = 10.0.40219.1
Project("{FAE04EC0-301F-11D3-BF4B-00C04F79EFBC}") = "NetMPA.Catalog.Bll", "NetMPA.Catalog.Bll\NetMPA.Catalog.Bll.csproj", "{5156DAD6-74B4-4221-804A-52F2AA3A04CA}"
EndProject
Project("{2150E333-8FDC-42A3-9474-1A3956D46DE8}") = "Tests", "Tests", "{13E788DF-489A-481A-8C06-E23210A86850}"
EndProject
Project("{FAE04EC0-301F-11D3-BF4B-00C04F79EFBC}") = "NetMPA.Catalog.Bll.Tests", "NetMPA.Catalog.Bll.Tests\NetMPA.Catalog.Bll.Tests.csproj", "{5AE7206B-22D8-4469-BA8C-C045266068B4}"
EndProject
Project("{FAE04EC0-301F-11D3-BF4B-00C04F79EFBC}") = "NetMPA.Catalog.Dal", "NetMPA.Catalog.Dal\NetMPA.Catalog.Dal.csproj", "{F47F6DE5-9B26-4937-A2D2-32B8A583DCC1}"
EndProject
Project("{FAE04EC0-301F-11D3-BF4B-00C04F79EFBC}") = "NetMPA.Catalog.Dal.Tests", "NetMPA.Catalog.Dal.Tests\NetMPA.Catalog.Dal.Tests.csproj", "{CFF4A909-D146-46F3-ACC0-89FE247115E7}"
EndProject
Global
	GlobalSection(SolutionConfigurationPlatforms) = preSolution
		Debug|Any CPU = Debug|Any CPU
		Release|Any CPU = Release|Any CPU
	EndGlobalSection
	GlobalSection(ProjectConfigurationPlatforms) = postSolution
		{5156DAD6-74B4-4221-804A-52F2AA3A04CA}.Debug|Any CPU.ActiveCfg = Debug|Any CPU
		{5156DAD6-74B4-4221-804A-52F2AA3A04CA}.Debug|Any CPU.Build.0 = Debug|Any CPU
		{5156DAD6-74B4-4221-804A-52F2AA3A04CA}.Release|Any CPU.ActiveCfg = Release|Any CPU
		{5156DAD6-74B4-4221-804A-52F2AA3A04CA}.Release|Any CPU.Build.0 = Release|Any CPU
		{5AE7206B-22D8-4469-BA8C-C045266068B4}.Debug|Any CPU.ActiveCfg = Debug|Any CPU
		{5AE7206B-22D8-4469-BA8C-C045266068B4}.Debug|Any CPU.Build.0 = Debug|Any CPU
		{5AE7206B-22D8-4469-BA8C-C045266068B4}.Release|Any CPU.ActiveCfg = Release|Any CPU
		{5AE7206B-22D8-4469-BA8C-C045266068B4}.Release|Any CPU.Build.0 = Release|Any CPU
		{F47F6DE5-9B26-4937-A2D2-32B8A583DCC1}.Debug|Any CPU.ActiveCfg = Debug|Any CPU
		{F47F6DE5-9B26-4937-A2D2-32B8A583DCC1}.Debug|Any CPU.Build.0 = Debug|Any CPU
		{F47F6DE5-9B26-4937-A2D2-32B8A583DCC1}.Release|Any CPU.ActiveCfg = Release|Any CPU
		{F47F6DE5-9B26-4937-A2D2-32B8A583DCC1}.Release|Any CPU.Build.0 = Release|Any CPU
		{CFF4A909-D146-46F3-ACC0-89FE247115E7}.Debug|Any CPU.ActiveCfg = Debug|Any CPU
		{CFF4A909-D146-46F3-ACC0-89FE247115E7}.Debug|Any CPU.Build.0 = Debug|Any CPU
		{CFF4A909-D146-46F3-ACC0-89FE247115E7}.Release|Any CPU.ActiveCfg = Release|Any CPU
		{CFF4A909-D146-46F3-ACC0-89FE247115E7}.Release|Any CPU.Build.0 = Release|Any CPU
	EndGlobalSection
	GlobalSection(SolutionProperties) = preSolution
		HideSolutionNode = FALSE
	EndGlobalSection
	GlobalSection(NestedProjects) = preSolution
		{5AE7206B-22D8-4469-BA8C-C045266068B4} = {13E788DF-489A-481A-8C06-E23210A86850}
		{CFF4A909-D146-46F3-ACC0-89FE247115E7} = {13E788DF-489A-481A-8C06-E23210A86850}
	EndGlobalSection
	GlobalSection(ExtensibilityGlobals) = postSolution
		SolutionGuid = {AFFFA784-AED3-47B6-AF45-6BC3E7C76971}
	EndGlobalSection
EndGlobal
