
Microsoft Visual Studio Solution File, Format Version 12.00
# Visual Studio Version 17
VisualStudioVersion = 17.3.32811.315
MinimumVisualStudioVersion = 10.0.40219.1
Project("{2150E333-8FDC-42A3-9474-1A3956D46DE8}") = "Carting", "Carting", "{72149839-4C5A-41E8-9E8B-B8BA963B4BEF}"
EndProject
Project("{2150E333-8FDC-42A3-9474-1A3956D46DE8}") = "Catalog", "Catalog", "{3CED91F8-4473-4B48-9195-D07D7779EF53}"
EndProject
Project("{9A19103F-16F7-4668-BE54-9A1E7A4F7556}") = "NetMPA.Carting.Bll", "NetMPA.Carting\NetMPA.Carting.Bll\NetMPA.Carting.Bll.csproj", "{37112B5B-A8CA-4B4F-B87D-20F606746998}"
EndProject
Project("{9A19103F-16F7-4668-BE54-9A1E7A4F7556}") = "NetMPA.Carting.Dal", "NetMPA.Carting\NetMPA.Carting.Dal\NetMPA.Carting.Dal.csproj", "{4042B28B-DC4E-4658-B36E-0F5351B4D3C9}"
EndProject
Project("{9A19103F-16F7-4668-BE54-9A1E7A4F7556}") = "NetMPA.Catalog.Bll", "NetMPA.Catalog\NetMPA.Catalog.Bll\NetMPA.Catalog.Bll.csproj", "{15AD7170-0731-4402-911B-E8E2FCE280C0}"
EndProject
Project("{9A19103F-16F7-4668-BE54-9A1E7A4F7556}") = "NetMPA.Catalog.Dal", "NetMPA.Catalog\NetMPA.Catalog.Dal\NetMPA.Catalog.Dal.csproj", "{6F0082C2-D680-46C7-B32C-4F090DF4AFCB}"
EndProject
Project("{2150E333-8FDC-42A3-9474-1A3956D46DE8}") = "Tests", "Tests", "{829CB6B9-0849-42B0-A8F8-BE4A784ECB1E}"
EndProject
Project("{2150E333-8FDC-42A3-9474-1A3956D46DE8}") = "Tests", "Tests", "{5DB88ECA-ABB5-46E4-BF72-CFFF690202FE}"
EndProject
Project("{9A19103F-16F7-4668-BE54-9A1E7A4F7556}") = "NetMPA.Carting.Bll.Tests", "NetMPA.Carting\NetMPA.Carting.Bll.Tests\NetMPA.Carting.Bll.Tests.csproj", "{BA9BFD01-4C64-46D7-829F-A07938649864}"
EndProject
Project("{9A19103F-16F7-4668-BE54-9A1E7A4F7556}") = "NetMPA.Carting.Dal.Tests", "NetMPA.Carting\NetMPA.Carting.Dal.Tests\NetMPA.Carting.Dal.Tests.csproj", "{F979989F-DADC-47F8-B933-E0F3D19FE26A}"
EndProject
Project("{9A19103F-16F7-4668-BE54-9A1E7A4F7556}") = "NetMPA.Catalog.Bll.Tests", "NetMPA.Catalog\NetMPA.Catalog.Bll.Tests\NetMPA.Catalog.Bll.Tests.csproj", "{D76D66FB-43D3-4FFE-AF3C-3C23611B4815}"
EndProject
Project("{9A19103F-16F7-4668-BE54-9A1E7A4F7556}") = "NetMPA.Catalog.Dal.Tests", "NetMPA.Catalog\NetMPA.Catalog.Dal.Tests\NetMPA.Catalog.Dal.Tests.csproj", "{DDEEEF39-7439-438B-B0E5-2C0D9B73620B}"
EndProject
Project("{9A19103F-16F7-4668-BE54-9A1E7A4F7556}") = "NetMPA.Catalog.Api", "NetMPA.Catalog\NetMPA.Catalog.Api\NetMPA.Catalog.Api.csproj", "{4487AE44-2D54-473C-886F-AF5260C79C9E}"
EndProject
Project("{9A19103F-16F7-4668-BE54-9A1E7A4F7556}") = "NetMPA.Catalog.Api.Tests", "NetMPA.Catalog\NetMPA.Catalog.Api.Tests\NetMPA.Catalog.Api.Tests.csproj", "{54D18996-80A4-4007-B32A-A502681D50E3}"
EndProject
Project("{FAE04EC0-301F-11D3-BF4B-00C04F79EFBC}") = "NetMPA.Carting.Api", "NetMPA.Carting\NetMPA.Carting.Api\NetMPA.Carting.Api.csproj", "{C65E4B1D-6E53-46CE-B092-673D9C04AF54}"
EndProject
Global
	GlobalSection(SolutionConfigurationPlatforms) = preSolution
		Debug|Any CPU = Debug|Any CPU
		Release|Any CPU = Release|Any CPU
	EndGlobalSection
	GlobalSection(ProjectConfigurationPlatforms) = postSolution
		{37112B5B-A8CA-4B4F-B87D-20F606746998}.Debug|Any CPU.ActiveCfg = Debug|Any CPU
		{37112B5B-A8CA-4B4F-B87D-20F606746998}.Debug|Any CPU.Build.0 = Debug|Any CPU
		{37112B5B-A8CA-4B4F-B87D-20F606746998}.Release|Any CPU.ActiveCfg = Release|Any CPU
		{37112B5B-A8CA-4B4F-B87D-20F606746998}.Release|Any CPU.Build.0 = Release|Any CPU
		{4042B28B-DC4E-4658-B36E-0F5351B4D3C9}.Debug|Any CPU.ActiveCfg = Debug|Any CPU
		{4042B28B-DC4E-4658-B36E-0F5351B4D3C9}.Debug|Any CPU.Build.0 = Debug|Any CPU
		{4042B28B-DC4E-4658-B36E-0F5351B4D3C9}.Release|Any CPU.ActiveCfg = Release|Any CPU
		{4042B28B-DC4E-4658-B36E-0F5351B4D3C9}.Release|Any CPU.Build.0 = Release|Any CPU
		{15AD7170-0731-4402-911B-E8E2FCE280C0}.Debug|Any CPU.ActiveCfg = Debug|Any CPU
		{15AD7170-0731-4402-911B-E8E2FCE280C0}.Debug|Any CPU.Build.0 = Debug|Any CPU
		{15AD7170-0731-4402-911B-E8E2FCE280C0}.Release|Any CPU.ActiveCfg = Release|Any CPU
		{15AD7170-0731-4402-911B-E8E2FCE280C0}.Release|Any CPU.Build.0 = Release|Any CPU
		{6F0082C2-D680-46C7-B32C-4F090DF4AFCB}.Debug|Any CPU.ActiveCfg = Debug|Any CPU
		{6F0082C2-D680-46C7-B32C-4F090DF4AFCB}.Debug|Any CPU.Build.0 = Debug|Any CPU
		{6F0082C2-D680-46C7-B32C-4F090DF4AFCB}.Release|Any CPU.ActiveCfg = Release|Any CPU
		{6F0082C2-D680-46C7-B32C-4F090DF4AFCB}.Release|Any CPU.Build.0 = Release|Any CPU
		{BA9BFD01-4C64-46D7-829F-A07938649864}.Debug|Any CPU.ActiveCfg = Debug|Any CPU
		{BA9BFD01-4C64-46D7-829F-A07938649864}.Debug|Any CPU.Build.0 = Debug|Any CPU
		{BA9BFD01-4C64-46D7-829F-A07938649864}.Release|Any CPU.ActiveCfg = Release|Any CPU
		{BA9BFD01-4C64-46D7-829F-A07938649864}.Release|Any CPU.Build.0 = Release|Any CPU
		{F979989F-DADC-47F8-B933-E0F3D19FE26A}.Debug|Any CPU.ActiveCfg = Debug|Any CPU
		{F979989F-DADC-47F8-B933-E0F3D19FE26A}.Debug|Any CPU.Build.0 = Debug|Any CPU
		{F979989F-DADC-47F8-B933-E0F3D19FE26A}.Release|Any CPU.ActiveCfg = Release|Any CPU
		{F979989F-DADC-47F8-B933-E0F3D19FE26A}.Release|Any CPU.Build.0 = Release|Any CPU
		{D76D66FB-43D3-4FFE-AF3C-3C23611B4815}.Debug|Any CPU.ActiveCfg = Debug|Any CPU
		{D76D66FB-43D3-4FFE-AF3C-3C23611B4815}.Debug|Any CPU.Build.0 = Debug|Any CPU
		{D76D66FB-43D3-4FFE-AF3C-3C23611B4815}.Release|Any CPU.ActiveCfg = Release|Any CPU
		{D76D66FB-43D3-4FFE-AF3C-3C23611B4815}.Release|Any CPU.Build.0 = Release|Any CPU
		{DDEEEF39-7439-438B-B0E5-2C0D9B73620B}.Debug|Any CPU.ActiveCfg = Debug|Any CPU
		{DDEEEF39-7439-438B-B0E5-2C0D9B73620B}.Debug|Any CPU.Build.0 = Debug|Any CPU
		{DDEEEF39-7439-438B-B0E5-2C0D9B73620B}.Release|Any CPU.ActiveCfg = Release|Any CPU
		{DDEEEF39-7439-438B-B0E5-2C0D9B73620B}.Release|Any CPU.Build.0 = Release|Any CPU
		{4487AE44-2D54-473C-886F-AF5260C79C9E}.Debug|Any CPU.ActiveCfg = Debug|Any CPU
		{4487AE44-2D54-473C-886F-AF5260C79C9E}.Debug|Any CPU.Build.0 = Debug|Any CPU
		{4487AE44-2D54-473C-886F-AF5260C79C9E}.Release|Any CPU.ActiveCfg = Release|Any CPU
		{4487AE44-2D54-473C-886F-AF5260C79C9E}.Release|Any CPU.Build.0 = Release|Any CPU
		{54D18996-80A4-4007-B32A-A502681D50E3}.Debug|Any CPU.ActiveCfg = Debug|Any CPU
		{54D18996-80A4-4007-B32A-A502681D50E3}.Debug|Any CPU.Build.0 = Debug|Any CPU
		{54D18996-80A4-4007-B32A-A502681D50E3}.Release|Any CPU.ActiveCfg = Release|Any CPU
		{54D18996-80A4-4007-B32A-A502681D50E3}.Release|Any CPU.Build.0 = Release|Any CPU
		{C65E4B1D-6E53-46CE-B092-673D9C04AF54}.Debug|Any CPU.ActiveCfg = Debug|Any CPU
		{C65E4B1D-6E53-46CE-B092-673D9C04AF54}.Debug|Any CPU.Build.0 = Debug|Any CPU
		{C65E4B1D-6E53-46CE-B092-673D9C04AF54}.Release|Any CPU.ActiveCfg = Release|Any CPU
		{C65E4B1D-6E53-46CE-B092-673D9C04AF54}.Release|Any CPU.Build.0 = Release|Any CPU
	EndGlobalSection
	GlobalSection(SolutionProperties) = preSolution
		HideSolutionNode = FALSE
	EndGlobalSection
	GlobalSection(NestedProjects) = preSolution
		{37112B5B-A8CA-4B4F-B87D-20F606746998} = {72149839-4C5A-41E8-9E8B-B8BA963B4BEF}
		{4042B28B-DC4E-4658-B36E-0F5351B4D3C9} = {72149839-4C5A-41E8-9E8B-B8BA963B4BEF}
		{15AD7170-0731-4402-911B-E8E2FCE280C0} = {3CED91F8-4473-4B48-9195-D07D7779EF53}
		{6F0082C2-D680-46C7-B32C-4F090DF4AFCB} = {3CED91F8-4473-4B48-9195-D07D7779EF53}
		{829CB6B9-0849-42B0-A8F8-BE4A784ECB1E} = {72149839-4C5A-41E8-9E8B-B8BA963B4BEF}
		{5DB88ECA-ABB5-46E4-BF72-CFFF690202FE} = {3CED91F8-4473-4B48-9195-D07D7779EF53}
		{BA9BFD01-4C64-46D7-829F-A07938649864} = {829CB6B9-0849-42B0-A8F8-BE4A784ECB1E}
		{F979989F-DADC-47F8-B933-E0F3D19FE26A} = {829CB6B9-0849-42B0-A8F8-BE4A784ECB1E}
		{D76D66FB-43D3-4FFE-AF3C-3C23611B4815} = {5DB88ECA-ABB5-46E4-BF72-CFFF690202FE}
		{DDEEEF39-7439-438B-B0E5-2C0D9B73620B} = {5DB88ECA-ABB5-46E4-BF72-CFFF690202FE}
		{4487AE44-2D54-473C-886F-AF5260C79C9E} = {3CED91F8-4473-4B48-9195-D07D7779EF53}
		{54D18996-80A4-4007-B32A-A502681D50E3} = {5DB88ECA-ABB5-46E4-BF72-CFFF690202FE}
		{C65E4B1D-6E53-46CE-B092-673D9C04AF54} = {72149839-4C5A-41E8-9E8B-B8BA963B4BEF}
	EndGlobalSection
	GlobalSection(ExtensibilityGlobals) = postSolution
		SolutionGuid = {25062E94-7909-4AB1-ABD3-B621AC3115CD}
	EndGlobalSection
EndGlobal
